
Microsoft Visual Studio Solution File, Format Version 12.00
# Visual Studio Version 17
VisualStudioVersion = 17.11.35312.102
MinimumVisualStudioVersion = 10.0.40219.1
Project("{FAE04EC0-301F-11D3-BF4B-00C04F79EFBC}") = "ChatGPT.Android", "ChatGPT.Android\ChatGPT.Android.csproj", "{089012F7-C67C-44C7-B801-6FEBD3C7FDA4}"
EndProject
Project("{FAE04EC0-301F-11D3-BF4B-00C04F79EFBC}") = "ChatGPT", "ChatGPT\ChatGPT.csproj", "{E9E6BF57-3E7F-4FE7-A207-DA66C49D7D06}"
EndProject
Global
	GlobalSection(SolutionConfigurationPlatforms) = preSolution
		Debug|Any CPU = Debug|Any CPU
		Release|Any CPU = Release|Any CPU
	EndGlobalSection
	GlobalSection(ProjectConfigurationPlatforms) = postSolution
		{089012F7-C67C-44C7-B801-6FEBD3C7FDA4}.Debug|Any CPU.ActiveCfg = Debug|Any CPU
		{089012F7-C67C-44C7-B801-6FEBD3C7FDA4}.Debug|Any CPU.Build.0 = Debug|Any CPU
		{089012F7-C67C-44C7-B801-6FEBD3C7FDA4}.Debug|Any CPU.Deploy.0 = Debug|Any CPU
		{089012F7-C67C-44C7-B801-6FEBD3C7FDA4}.Release|Any CPU.ActiveCfg = Release|Any CPU
		{089012F7-C67C-44C7-B801-6FEBD3C7FDA4}.Release|Any CPU.Build.0 = Release|Any CPU
		{089012F7-C67C-44C7-B801-6FEBD3C7FDA4}.Release|Any CPU.Deploy.0 = Release|Any CPU
		{E9E6BF57-3E7F-4FE7-A207-DA66C49D7D06}.Debug|Any CPU.ActiveCfg = Debug|Any CPU
		{E9E6BF57-3E7F-4FE7-A207-DA66C49D7D06}.Debug|Any CPU.Build.0 = Debug|Any CPU
		{E9E6BF57-3E7F-4FE7-A207-DA66C49D7D06}.Debug|Any CPU.Deploy.0 = Debug|Any CPU
		{E9E6BF57-3E7F-4FE7-A207-DA66C49D7D06}.Release|Any CPU.ActiveCfg = Release|Any CPU
		{E9E6BF57-3E7F-4FE7-A207-DA66C49D7D06}.Release|Any CPU.Build.0 = Release|Any CPU
		{E9E6BF57-3E7F-4FE7-A207-DA66C49D7D06}.Release|Any CPU.Deploy.0 = Release|Any CPU
	EndGlobalSection
	GlobalSection(SolutionProperties) = preSolution
		HideSolutionNode = FALSE
	EndGlobalSection
	GlobalSection(ExtensibilityGlobals) = postSolution
		SolutionGuid = {2AFB655B-F824-4469-9E15-DE76DEF8492E}
	EndGlobalSection
EndGlobal
